
Microsoft Visual Studio Solution File, Format Version 12.00
# Visual Studio Version 16
VisualStudioVersion = 16.0.30413.136
MinimumVisualStudioVersion = 10.0.40219.1
Project("{FAE04EC0-301F-11D3-BF4B-00C04F79EFBC}") = "Music", "Music\Music.csproj", "{6A08E25E-B7EE-432A-B798-8D168AFEE9CC}"
EndProject
Global
	GlobalSection(SolutionConfigurationPlatforms) = preSolution
		Debug|Any CPU = Debug|Any CPU
		Release|Any CPU = Release|Any CPU
	EndGlobalSection
	GlobalSection(ProjectConfigurationPlatforms) = postSolution
		{6A08E25E-B7EE-432A-B798-8D168AFEE9CC}.Debug|Any CPU.ActiveCfg = Debug|Any CPU
		{6A08E25E-B7EE-432A-B798-8D168AFEE9CC}.Debug|Any CPU.Build.0 = Debug|Any CPU
		{6A08E25E-B7EE-432A-B798-8D168AFEE9CC}.Release|Any CPU.ActiveCfg = Release|Any CPU
		{6A08E25E-B7EE-432A-B798-8D168AFEE9CC}.Release|Any CPU.Build.0 = Release|Any CPU
	EndGlobalSection
	GlobalSection(SolutionProperties) = preSolution
		HideSolutionNode = FALSE
	EndGlobalSection
	GlobalSection(ExtensibilityGlobals) = postSolution
		SolutionGuid = {CC2AB51C-6D4A-41CC-9E39-F2AAFC26BA0C}
	EndGlobalSection
EndGlobal
